
Microsoft Visual Studio Solution File, Format Version 12.00
# Visual Studio Version 16
VisualStudioVersion = 16.0.30804.86
MinimumVisualStudioVersion = 10.0.40219.1
Project("{9A19103F-16F7-4668-BE54-9A1E7A4F7556}") = "Task 1", "Task 1\Task 1.csproj", "{3149A2DD-A3BD-49F1-A7AD-4A808ECD35E2}"
EndProject
Project("{9A19103F-16F7-4668-BE54-9A1E7A4F7556}") = "Task 2", "Task 2\Task 2.csproj", "{6A918433-8696-450E-97AA-A3E412936C40}"
EndProject
Project("{FAE04EC0-301F-11D3-BF4B-00C04F79EFBC}") = "Task 3", "Task 3\Task 3.csproj", "{B3189247-4D7A-4E36-A846-F4EDDAD89C01}"
EndProject
Global
	GlobalSection(SolutionConfigurationPlatforms) = preSolution
		Debug|Any CPU = Debug|Any CPU
		Release|Any CPU = Release|Any CPU
	EndGlobalSection
	GlobalSection(ProjectConfigurationPlatforms) = postSolution
		{3149A2DD-A3BD-49F1-A7AD-4A808ECD35E2}.Debug|Any CPU.ActiveCfg = Debug|Any CPU
		{3149A2DD-A3BD-49F1-A7AD-4A808ECD35E2}.Debug|Any CPU.Build.0 = Debug|Any CPU
		{3149A2DD-A3BD-49F1-A7AD-4A808ECD35E2}.Release|Any CPU.ActiveCfg = Release|Any CPU
		{3149A2DD-A3BD-49F1-A7AD-4A808ECD35E2}.Release|Any CPU.Build.0 = Release|Any CPU
		{6A918433-8696-450E-97AA-A3E412936C40}.Debug|Any CPU.ActiveCfg = Debug|Any CPU
		{6A918433-8696-450E-97AA-A3E412936C40}.Debug|Any CPU.Build.0 = Debug|Any CPU
		{6A918433-8696-450E-97AA-A3E412936C40}.Release|Any CPU.ActiveCfg = Release|Any CPU
		{6A918433-8696-450E-97AA-A3E412936C40}.Release|Any CPU.Build.0 = Release|Any CPU
		{B3189247-4D7A-4E36-A846-F4EDDAD89C01}.Debug|Any CPU.ActiveCfg = Debug|Any CPU
		{B3189247-4D7A-4E36-A846-F4EDDAD89C01}.Debug|Any CPU.Build.0 = Debug|Any CPU
		{B3189247-4D7A-4E36-A846-F4EDDAD89C01}.Release|Any CPU.ActiveCfg = Release|Any CPU
		{B3189247-4D7A-4E36-A846-F4EDDAD89C01}.Release|Any CPU.Build.0 = Release|Any CPU
	EndGlobalSection
	GlobalSection(SolutionProperties) = preSolution
		HideSolutionNode = FALSE
	EndGlobalSection
	GlobalSection(ExtensibilityGlobals) = postSolution
		SolutionGuid = {A488B7C5-F1D1-4021-A6A2-0D72864F7D7D}
	EndGlobalSection
EndGlobal
