
Microsoft Visual Studio Solution File, Format Version 12.00
# Visual Studio Version 16
VisualStudioVersion = 16.0.29613.14
MinimumVisualStudioVersion = 10.0.40219.1
Project("{FAE04EC0-301F-11D3-BF4B-00C04F79EFBC}") = "T1", "T1\T1.csproj", "{5D7BB812-89A1-4845-9686-3AD42893BFEE}"
EndProject
Global
	GlobalSection(SolutionConfigurationPlatforms) = preSolution
		Debug|Any CPU = Debug|Any CPU
		Release|Any CPU = Release|Any CPU
	EndGlobalSection
	GlobalSection(ProjectConfigurationPlatforms) = postSolution
		{5D7BB812-89A1-4845-9686-3AD42893BFEE}.Debug|Any CPU.ActiveCfg = Debug|Any CPU
		{5D7BB812-89A1-4845-9686-3AD42893BFEE}.Debug|Any CPU.Build.0 = Debug|Any CPU
		{5D7BB812-89A1-4845-9686-3AD42893BFEE}.Release|Any CPU.ActiveCfg = Release|Any CPU
		{5D7BB812-89A1-4845-9686-3AD42893BFEE}.Release|Any CPU.Build.0 = Release|Any CPU
	EndGlobalSection
	GlobalSection(SolutionProperties) = preSolution
		HideSolutionNode = FALSE
	EndGlobalSection
	GlobalSection(ExtensibilityGlobals) = postSolution
		SolutionGuid = {CC4FF587-BB79-4CAC-BF52-3B8391E570A7}
	EndGlobalSection
EndGlobal
